// !$*UTF8*$!
{
	archiveVersion = 1;
	classes = {
	};
	objectVersion = 46;
	objects = {

/* Begin PBXBuildFile section */
		6D891EE61845B578002FF24A /* LocationsViewController.m in Sources */ = {isa = PBXBuildFile; fileRef = 6D891EE51845B578002FF24A /* LocationsViewController.m */; };
		6D891EE91845B637002FF24A /* MyAnnotation.m in Sources */ = {isa = PBXBuildFile; fileRef = 6D891EE81845B637002FF24A /* MyAnnotation.m */; };
		6D9514761845787000268A6E /* Foundation.framework in Frameworks */ = {isa = PBXBuildFile; fileRef = 6D9514751845787000268A6E /* Foundation.framework */; };
		6D9514781845787000268A6E /* CoreGraphics.framework in Frameworks */ = {isa = PBXBuildFile; fileRef = 6D9514771845787000268A6E /* CoreGraphics.framework */; };
		6D95147A1845787000268A6E /* UIKit.framework in Frameworks */ = {isa = PBXBuildFile; fileRef = 6D9514791845787000268A6E /* UIKit.framework */; };
		6D9514801845787000268A6E /* InfoPlist.strings in Resources */ = {isa = PBXBuildFile; fileRef = 6D95147E1845787000268A6E /* InfoPlist.strings */; };
		6D9514821845787000268A6E /* main.m in Sources */ = {isa = PBXBuildFile; fileRef = 6D9514811845787000268A6E /* main.m */; };
		6D9514861845787000268A6E /* AppDelegate.m in Sources */ = {isa = PBXBuildFile; fileRef = 6D9514851845787000268A6E /* AppDelegate.m */; };
		6D9514891845787000268A6E /* Main_iPhone.storyboard in Resources */ = {isa = PBXBuildFile; fileRef = 6D9514871845787000268A6E /* Main_iPhone.storyboard */; };
		6D95148C1845787000268A6E /* Main_iPad.storyboard in Resources */ = {isa = PBXBuildFile; fileRef = 6D95148A1845787000268A6E /* Main_iPad.storyboard */; };
		6D9514911845787000268A6E /* Images.xcassets in Resources */ = {isa = PBXBuildFile; fileRef = 6D9514901845787000268A6E /* Images.xcassets */; };
		6D9514981845787000268A6E /* XCTest.framework in Frameworks */ = {isa = PBXBuildFile; fileRef = 6D9514971845787000268A6E /* XCTest.framework */; };
		6D9514991845787000268A6E /* Foundation.framework in Frameworks */ = {isa = PBXBuildFile; fileRef = 6D9514751845787000268A6E /* Foundation.framework */; };
		6D95149A1845787000268A6E /* UIKit.framework in Frameworks */ = {isa = PBXBuildFile; fileRef = 6D9514791845787000268A6E /* UIKit.framework */; };
		6D9514A21845787000268A6E /* InfoPlist.strings in Resources */ = {isa = PBXBuildFile; fileRef = 6D9514A01845787000268A6E /* InfoPlist.strings */; };
		6D9514A41845787000268A6E /* BubsTests.m in Sources */ = {isa = PBXBuildFile; fileRef = 6D9514A31845787000268A6E /* BubsTests.m */; };
		6DAA374F18470D5F00036441 /* MapKit.framework in Frameworks */ = {isa = PBXBuildFile; fileRef = 6DAA374E18470D5F00036441 /* MapKit.framework */; };
		6DBE7C94184D503B0094B958 /* bubs_burger_logo.png in Resources */ = {isa = PBXBuildFile; fileRef = 6DBE7C85184D503B0094B958 /* bubs_burger_logo.png */; };
		6DBE7C95184D503B0094B958 /* bigugly.jpg in Resources */ = {isa = PBXBuildFile; fileRef = 6DBE7C88184D503B0094B958 /* bigugly.jpg */; };
		6DBE7C96184D503B0094B958 /* bigugly2.jpg in Resources */ = {isa = PBXBuildFile; fileRef = 6DBE7C89184D503B0094B958 /* bigugly2.jpg */; };
		6DBE7C97184D503B0094B958 /* bigugly3.jpg in Resources */ = {isa = PBXBuildFile; fileRef = 6DBE7C8A184D503B0094B958 /* bigugly3.jpg */; };
		6DBE7C98184D503B0094B958 /* chicken.jpg in Resources */ = {isa = PBXBuildFile; fileRef = 6DBE7C8B184D503B0094B958 /* chicken.jpg */; };
		6DBE7C99184D503B0094B958 /* dog.jpg in Resources */ = {isa = PBXBuildFile; fileRef = 6DBE7C8C184D503B0094B958 /* dog.jpg */; };
		6DBE7C9A184D503B0094B958 /* fries.jpg in Resources */ = {isa = PBXBuildFile; fileRef = 6DBE7C8D184D503B0094B958 /* fries.jpg */; };
		6DBE7C9B184D503B0094B958 /* lessugly.jpg in Resources */ = {isa = PBXBuildFile; fileRef = 6DBE7C8E184D503B0094B958 /* lessugly.jpg */; };
		6DBE7C9C184D503B0094B958 /* lessugly2.jpg in Resources */ = {isa = PBXBuildFile; fileRef = 6DBE7C8F184D503B0094B958 /* lessugly2.jpg */; };
		6DBE7C9D184D503B0094B958 /* mahi.jpg in Resources */ = {isa = PBXBuildFile; fileRef = 6DBE7C90184D503B0094B958 /* mahi.jpg */; };
		6DBE7C9E184D503B0094B958 /* notsougly.jpg in Resources */ = {isa = PBXBuildFile; fileRef = 6DBE7C91184D503B0094B958 /* notsougly.jpg */; };
		6DBE7C9F184D503B0094B958 /* bubs_cafe_logo.png in Resources */ = {isa = PBXBuildFile; fileRef = 6DBE7C93184D503B0094B958 /* bubs_cafe_logo.png */; };
/* End PBXBuildFile section */

/* Begin PBXContainerItemProxy section */
		6D95149B1845787000268A6E /* PBXContainerItemProxy */ = {
			isa = PBXContainerItemProxy;
			containerPortal = 6D95146A1845787000268A6E /* Project object */;
			proxyType = 1;
			remoteGlobalIDString = 6D9514711845787000268A6E;
			remoteInfo = Bubs;
		};
/* End PBXContainerItemProxy section */

/* Begin PBXFileReference section */
		6D891EE41845B578002FF24A /* LocationsViewController.h */ = {isa = PBXFileReference; fileEncoding = 4; lastKnownFileType = sourcecode.c.h; path = LocationsViewController.h; sourceTree = "<group>"; };
		6D891EE51845B578002FF24A /* LocationsViewController.m */ = {isa = PBXFileReference; fileEncoding = 4; lastKnownFileType = sourcecode.c.objc; path = LocationsViewController.m; sourceTree = "<group>"; };
		6D891EE71845B637002FF24A /* MyAnnotation.h */ = {isa = PBXFileReference; fileEncoding = 4; lastKnownFileType = sourcecode.c.h; path = MyAnnotation.h; sourceTree = "<group>"; };
		6D891EE81845B637002FF24A /* MyAnnotation.m */ = {isa = PBXFileReference; fileEncoding = 4; lastKnownFileType = sourcecode.c.objc; path = MyAnnotation.m; sourceTree = "<group>"; };
		6D9514721845787000268A6E /* Bubs.app */ = {isa = PBXFileReference; explicitFileType = wrapper.application; includeInIndex = 0; path = Bubs.app; sourceTree = BUILT_PRODUCTS_DIR; };
		6D9514751845787000268A6E /* Foundation.framework */ = {isa = PBXFileReference; lastKnownFileType = wrapper.framework; name = Foundation.framework; path = System/Library/Frameworks/Foundation.framework; sourceTree = SDKROOT; };
		6D9514771845787000268A6E /* CoreGraphics.framework */ = {isa = PBXFileReference; lastKnownFileType = wrapper.framework; name = CoreGraphics.framework; path = System/Library/Frameworks/CoreGraphics.framework; sourceTree = SDKROOT; };
		6D9514791845787000268A6E /* UIKit.framework */ = {isa = PBXFileReference; lastKnownFileType = wrapper.framework; name = UIKit.framework; path = System/Library/Frameworks/UIKit.framework; sourceTree = SDKROOT; };
		6D95147D1845787000268A6E /* Bubs-Info.plist */ = {isa = PBXFileReference; lastKnownFileType = text.plist.xml; path = "Bubs-Info.plist"; sourceTree = "<group>"; };
		6D95147F1845787000268A6E /* en */ = {isa = PBXFileReference; lastKnownFileType = text.plist.strings; name = en; path = en.lproj/InfoPlist.strings; sourceTree = "<group>"; };
		6D9514811845787000268A6E /* main.m */ = {isa = PBXFileReference; lastKnownFileType = sourcecode.c.objc; path = main.m; sourceTree = "<group>"; };
		6D9514831845787000268A6E /* Bubs-Prefix.pch */ = {isa = PBXFileReference; lastKnownFileType = sourcecode.c.h; path = "Bubs-Prefix.pch"; sourceTree = "<group>"; };
		6D9514841845787000268A6E /* AppDelegate.h */ = {isa = PBXFileReference; lastKnownFileType = sourcecode.c.h; path = AppDelegate.h; sourceTree = "<group>"; };
		6D9514851845787000268A6E /* AppDelegate.m */ = {isa = PBXFileReference; lastKnownFileType = sourcecode.c.objc; path = AppDelegate.m; sourceTree = "<group>"; };
		6D9514881845787000268A6E /* Base */ = {isa = PBXFileReference; lastKnownFileType = file.storyboard; name = Base; path = Base.lproj/Main_iPhone.storyboard; sourceTree = "<group>"; };
		6D95148B1845787000268A6E /* Base */ = {isa = PBXFileReference; lastKnownFileType = file.storyboard; name = Base; path = Base.lproj/Main_iPad.storyboard; sourceTree = "<group>"; };
		6D9514901845787000268A6E /* Images.xcassets */ = {isa = PBXFileReference; lastKnownFileType = folder.assetcatalog; path = Images.xcassets; sourceTree = "<group>"; };
		6D9514961845787000268A6E /* BubsTests.xctest */ = {isa = PBXFileReference; explicitFileType = wrapper.cfbundle; includeInIndex = 0; path = BubsTests.xctest; sourceTree = BUILT_PRODUCTS_DIR; };
		6D9514971845787000268A6E /* XCTest.framework */ = {isa = PBXFileReference; lastKnownFileType = wrapper.framework; name = XCTest.framework; path = Library/Frameworks/XCTest.framework; sourceTree = DEVELOPER_DIR; };
		6D95149F1845787000268A6E /* BubsTests-Info.plist */ = {isa = PBXFileReference; lastKnownFileType = text.plist.xml; path = "BubsTests-Info.plist"; sourceTree = "<group>"; };
		6D9514A11845787000268A6E /* en */ = {isa = PBXFileReference; lastKnownFileType = text.plist.strings; name = en; path = en.lproj/InfoPlist.strings; sourceTree = "<group>"; };
		6D9514A31845787000268A6E /* BubsTests.m */ = {isa = PBXFileReference; lastKnownFileType = sourcecode.c.objc; path = BubsTests.m; sourceTree = "<group>"; };
		6DAA374E18470D5F00036441 /* MapKit.framework */ = {isa = PBXFileReference; lastKnownFileType = wrapper.framework; name = MapKit.framework; path = System/Library/Frameworks/MapKit.framework; sourceTree = SDKROOT; };
		6DBE7C85184D503B0094B958 /* bubs_burger_logo.png */ = {isa = PBXFileReference; lastKnownFileType = image.png; path = bubs_burger_logo.png; sourceTree = "<group>"; };
		6DBE7C88184D503B0094B958 /* bigugly.jpg */ = {isa = PBXFileReference; lastKnownFileType = image.jpeg; path = bigugly.jpg; sourceTree = "<group>"; };
		6DBE7C89184D503B0094B958 /* bigugly2.jpg */ = {isa = PBXFileReference; lastKnownFileType = image.jpeg; path = bigugly2.jpg; sourceTree = "<group>"; };
		6DBE7C8A184D503B0094B958 /* bigugly3.jpg */ = {isa = PBXFileReference; lastKnownFileType = image.jpeg; path = bigugly3.jpg; sourceTree = "<group>"; };
		6DBE7C8B184D503B0094B958 /* chicken.jpg */ = {isa = PBXFileReference; lastKnownFileType = image.jpeg; path = chicken.jpg; sourceTree = "<group>"; };
		6DBE7C8C184D503B0094B958 /* dog.jpg */ = {isa = PBXFileReference; lastKnownFileType = image.jpeg; path = dog.jpg; sourceTree = "<group>"; };
		6DBE7C8D184D503B0094B958 /* fries.jpg */ = {isa = PBXFileReference; lastKnownFileType = image.jpeg; path = fries.jpg; sourceTree = "<group>"; };
		6DBE7C8E184D503B0094B958 /* lessugly.jpg */ = {isa = PBXFileReference; lastKnownFileType = image.jpeg; path = lessugly.jpg; sourceTree = "<group>"; };
		6DBE7C8F184D503B0094B958 /* lessugly2.jpg */ = {isa = PBXFileReference; lastKnownFileType = image.jpeg; path = lessugly2.jpg; sourceTree = "<group>"; };
		6DBE7C90184D503B0094B958 /* mahi.jpg */ = {isa = PBXFileReference; lastKnownFileType = image.jpeg; path = mahi.jpg; sourceTree = "<group>"; };
		6DBE7C91184D503B0094B958 /* notsougly.jpg */ = {isa = PBXFileReference; lastKnownFileType = image.jpeg; path = notsougly.jpg; sourceTree = "<group>"; };
		6DBE7C93184D503B0094B958 /* bubs_cafe_logo.png */ = {isa = PBXFileReference; lastKnownFileType = image.png; path = bubs_cafe_logo.png; sourceTree = "<group>"; };
/* End PBXFileReference section */

/* Begin PBXFrameworksBuildPhase section */
		6D95146F1845787000268A6E /* Frameworks */ = {
			isa = PBXFrameworksBuildPhase;
			buildActionMask = 2147483647;
			files = (
				6DAA374F18470D5F00036441 /* MapKit.framework in Frameworks */,
				6D9514781845787000268A6E /* CoreGraphics.framework in Frameworks */,
				6D95147A1845787000268A6E /* UIKit.framework in Frameworks */,
				6D9514761845787000268A6E /* Foundation.framework in Frameworks */,
			);
			runOnlyForDeploymentPostprocessing = 0;
		};
		6D9514931845787000268A6E /* Frameworks */ = {
			isa = PBXFrameworksBuildPhase;
			buildActionMask = 2147483647;
			files = (
				6D9514981845787000268A6E /* XCTest.framework in Frameworks */,
				6D95149A1845787000268A6E /* UIKit.framework in Frameworks */,
				6D9514991845787000268A6E /* Foundation.framework in Frameworks */,
			);
			runOnlyForDeploymentPostprocessing = 0;
		};
/* End PBXFrameworksBuildPhase section */

/* Begin PBXGroup section */
		6D891EE31845B544002FF24A /* Views */ = {
			isa = PBXGroup;
			children = (
				6D891EEA1845B6D0002FF24A /* Location */,
			);
			name = Views;
			sourceTree = "<group>";
		};
		6D891EEA1845B6D0002FF24A /* Location */ = {
			isa = PBXGroup;
			children = (
				6D891EE71845B637002FF24A /* MyAnnotation.h */,
				6D891EE81845B637002FF24A /* MyAnnotation.m */,
				6D891EE41845B578002FF24A /* LocationsViewController.h */,
				6D891EE51845B578002FF24A /* LocationsViewController.m */,
			);
			name = Location;
			sourceTree = "<group>";
		};
		6D9514691845787000268A6E = {
			isa = PBXGroup;
			children = (
				6D95147B1845787000268A6E /* Bubs */,
				6D95149D1845787000268A6E /* BubsTests */,
				6D9514741845787000268A6E /* Frameworks */,
				6D9514731845787000268A6E /* Products */,
			);
			sourceTree = "<group>";
		};
		6D9514731845787000268A6E /* Products */ = {
			isa = PBXGroup;
			children = (
				6D9514721845787000268A6E /* Bubs.app */,
				6D9514961845787000268A6E /* BubsTests.xctest */,
			);
			name = Products;
			sourceTree = "<group>";
		};
		6D9514741845787000268A6E /* Frameworks */ = {
			isa = PBXGroup;
			children = (
				6DAA374E18470D5F00036441 /* MapKit.framework */,
				6D9514751845787000268A6E /* Foundation.framework */,
				6D9514771845787000268A6E /* CoreGraphics.framework */,
				6D9514791845787000268A6E /* UIKit.framework */,
				6D9514971845787000268A6E /* XCTest.framework */,
			);
			name = Frameworks;
			sourceTree = "<group>";
		};
		6D95147B1845787000268A6E /* Bubs */ = {
			isa = PBXGroup;
			children = (
				6DBE7C84184D503B0094B958 /* images */,
				6D891EE31845B544002FF24A /* Views */,
				6D9514841845787000268A6E /* AppDelegate.h */,
				6D9514851845787000268A6E /* AppDelegate.m */,
				6D9514871845787000268A6E /* Main_iPhone.storyboard */,
				6D95148A1845787000268A6E /* Main_iPad.storyboard */,
				6D9514901845787000268A6E /* Images.xcassets */,
				6D95147C1845787000268A6E /* Supporting Files */,
			);
			path = Bubs;
			sourceTree = "<group>";
		};
		6D95147C1845787000268A6E /* Supporting Files */ = {
			isa = PBXGroup;
			children = (
				6D95147D1845787000268A6E /* Bubs-Info.plist */,
				6D95147E1845787000268A6E /* InfoPlist.strings */,
				6D9514811845787000268A6E /* main.m */,
				6D9514831845787000268A6E /* Bubs-Prefix.pch */,
			);
			name = "Supporting Files";
			sourceTree = "<group>";
		};
		6D95149D1845787000268A6E /* BubsTests */ = {
			isa = PBXGroup;
			children = (
				6D9514A31845787000268A6E /* BubsTests.m */,
				6D95149E1845787000268A6E /* Supporting Files */,
			);
			path = BubsTests;
			sourceTree = "<group>";
		};
		6D95149E1845787000268A6E /* Supporting Files */ = {
			isa = PBXGroup;
			children = (
				6D95149F1845787000268A6E /* BubsTests-Info.plist */,
				6D9514A01845787000268A6E /* InfoPlist.strings */,
			);
			name = "Supporting Files";
			sourceTree = "<group>";
		};
		6DBE7C84184D503B0094B958 /* images */ = {
			isa = PBXGroup;
			children = (
				6DBE7C85184D503B0094B958 /* bubs_burger_logo.png */,
				6DBE7C86184D503B0094B958 /* bubs_burgers_bloomington */,
				6DBE7C87184D503B0094B958 /* bubs_burgers_carmel */,
				6DBE7C92184D503B0094B958 /* bubs_cafe */,
				6DBE7C93184D503B0094B958 /* bubs_cafe_logo.png */,
			);
			path = images;
			sourceTree = "<group>";
		};
		6DBE7C86184D503B0094B958 /* bubs_burgers_bloomington */ = {
			isa = PBXGroup;
			children = (
			);
			path = bubs_burgers_bloomington;
			sourceTree = "<group>";
		};
		6DBE7C87184D503B0094B958 /* bubs_burgers_carmel */ = {
			isa = PBXGroup;
			children = (
				6DBE7C88184D503B0094B958 /* bigugly.jpg */,
				6DBE7C89184D503B0094B958 /* bigugly2.jpg */,
				6DBE7C8A184D503B0094B958 /* bigugly3.jpg */,
				6DBE7C8B184D503B0094B958 /* chicken.jpg */,
				6DBE7C8C184D503B0094B958 /* dog.jpg */,
				6DBE7C8D184D503B0094B958 /* fries.jpg */,
				6DBE7C8E184D503B0094B958 /* lessugly.jpg */,
				6DBE7C8F184D503B0094B958 /* lessugly2.jpg */,
				6DBE7C90184D503B0094B958 /* mahi.jpg */,
				6DBE7C91184D503B0094B958 /* notsougly.jpg */,
			);
			path = bubs_burgers_carmel;
			sourceTree = "<group>";
		};
		6DBE7C92184D503B0094B958 /* bubs_cafe */ = {
			isa = PBXGroup;
			children = (
			);
			path = bubs_cafe;
			sourceTree = "<group>";
		};
/* End PBXGroup section */

/* Begin PBXNativeTarget section */
		6D9514711845787000268A6E /* Bubs */ = {
			isa = PBXNativeTarget;
			buildConfigurationList = 6D9514A71845787000268A6E /* Build configuration list for PBXNativeTarget "Bubs" */;
			buildPhases = (
				6D95146E1845787000268A6E /* Sources */,
				6D95146F1845787000268A6E /* Frameworks */,
				6D9514701845787000268A6E /* Resources */,
			);
			buildRules = (
			);
			dependencies = (
			);
			name = Bubs;
			productName = Bubs;
			productReference = 6D9514721845787000268A6E /* Bubs.app */;
			productType = "com.apple.product-type.application";
		};
		6D9514951845787000268A6E /* BubsTests */ = {
			isa = PBXNativeTarget;
			buildConfigurationList = 6D9514AA1845787000268A6E /* Build configuration list for PBXNativeTarget "BubsTests" */;
			buildPhases = (
				6D9514921845787000268A6E /* Sources */,
				6D9514931845787000268A6E /* Frameworks */,
				6D9514941845787000268A6E /* Resources */,
			);
			buildRules = (
			);
			dependencies = (
				6D95149C1845787000268A6E /* PBXTargetDependency */,
			);
			name = BubsTests;
			productName = BubsTests;
			productReference = 6D9514961845787000268A6E /* BubsTests.xctest */;
			productType = "com.apple.product-type.bundle.unit-test";
		};
/* End PBXNativeTarget section */

/* Begin PBXProject section */
		6D95146A1845787000268A6E /* Project object */ = {
			isa = PBXProject;
			attributes = {
				LastUpgradeCheck = 0500;
				ORGANIZATIONNAME = "Devin Sturgeon";
				TargetAttributes = {
					6D9514951845787000268A6E = {
						TestTargetID = 6D9514711845787000268A6E;
					};
				};
			};
			buildConfigurationList = 6D95146D1845787000268A6E /* Build configuration list for PBXProject "Bubs" */;
			compatibilityVersion = "Xcode 3.2";
			developmentRegion = English;
			hasScannedForEncodings = 0;
			knownRegions = (
				en,
				Base,
			);
			mainGroup = 6D9514691845787000268A6E;
			productRefGroup = 6D9514731845787000268A6E /* Products */;
			projectDirPath = "";
			projectRoot = "";
			targets = (
				6D9514711845787000268A6E /* Bubs */,
				6D9514951845787000268A6E /* BubsTests */,
			);
		};
/* End PBXProject section */

/* Begin PBXResourcesBuildPhase section */
		6D9514701845787000268A6E /* Resources */ = {
			isa = PBXResourcesBuildPhase;
			buildActionMask = 2147483647;
			files = (
				6D95148C1845787000268A6E /* Main_iPad.storyboard in Resources */,
				6DBE7C98184D503B0094B958 /* chicken.jpg in Resources */,
				6DBE7C9E184D503B0094B958 /* notsougly.jpg in Resources */,
				6DBE7C97184D503B0094B958 /* bigugly3.jpg in Resources */,
				6DBE7C9B184D503B0094B958 /* lessugly.jpg in Resources */,
				6DBE7C96184D503B0094B958 /* bigugly2.jpg in Resources */,
				6DBE7C94184D503B0094B958 /* bubs_burger_logo.png in Resources */,
				6DBE7C9C184D503B0094B958 /* lessugly2.jpg in Resources */,
				6DBE7C9A184D503B0094B958 /* fries.jpg in Resources */,
				6D9514911845787000268A6E /* Images.xcassets in Resources */,
				6DBE7C99184D503B0094B958 /* dog.jpg in Resources */,
				6DBE7C9D184D503B0094B958 /* mahi.jpg in Resources */,
				6DBE7C95184D503B0094B958 /* bigugly.jpg in Resources */,
				6D9514891845787000268A6E /* Main_iPhone.storyboard in Resources */,
				6D9514801845787000268A6E /* InfoPlist.strings in Resources */,
				6DBE7C9F184D503B0094B958 /* bubs_cafe_logo.png in Resources */,
			);
			runOnlyForDeploymentPostprocessing = 0;
		};
		6D9514941845787000268A6E /* Resources */ = {
			isa = PBXResourcesBuildPhase;
			buildActionMask = 2147483647;
			files = (
				6D9514A21845787000268A6E /* InfoPlist.strings in Resources */,
			);
			runOnlyForDeploymentPostprocessing = 0;
		};
/* End PBXResourcesBuildPhase section */

/* Begin PBXSourcesBuildPhase section */
		6D95146E1845787000268A6E /* Sources */ = {
			isa = PBXSourcesBuildPhase;
			buildActionMask = 2147483647;
			files = (
				6D891EE91845B637002FF24A /* MyAnnotation.m in Sources */,
				6D9514861845787000268A6E /* AppDelegate.m in Sources */,
				6D9514821845787000268A6E /* main.m in Sources */,
				6D891EE61845B578002FF24A /* LocationsViewController.m in Sources */,
			);
			runOnlyForDeploymentPostprocessing = 0;
		};
		6D9514921845787000268A6E /* Sources */ = {
			isa = PBXSourcesBuildPhase;
			buildActionMask = 2147483647;
			files = (
				6D9514A41845787000268A6E /* BubsTests.m in Sources */,
			);
			runOnlyForDeploymentPostprocessing = 0;
		};
/* End PBXSourcesBuildPhase section */

/* Begin PBXTargetDependency section */
		6D95149C1845787000268A6E /* PBXTargetDependency */ = {
			isa = PBXTargetDependency;
			target = 6D9514711845787000268A6E /* Bubs */;
			targetProxy = 6D95149B1845787000268A6E /* PBXContainerItemProxy */;
		};
/* End PBXTargetDependency section */

/* Begin PBXVariantGroup section */
		6D95147E1845787000268A6E /* InfoPlist.strings */ = {
			isa = PBXVariantGroup;
			children = (
				6D95147F1845787000268A6E /* en */,
			);
			name = InfoPlist.strings;
			sourceTree = "<group>";
		};
		6D9514871845787000268A6E /* Main_iPhone.storyboard */ = {
			isa = PBXVariantGroup;
			children = (
				6D9514881845787000268A6E /* Base */,
			);
			name = Main_iPhone.storyboard;
			sourceTree = "<group>";
		};
		6D95148A1845787000268A6E /* Main_iPad.storyboard */ = {
			isa = PBXVariantGroup;
			children = (
				6D95148B1845787000268A6E /* Base */,
			);
			name = Main_iPad.storyboard;
			sourceTree = "<group>";
		};
		6D9514A01845787000268A6E /* InfoPlist.strings */ = {
			isa = PBXVariantGroup;
			children = (
				6D9514A11845787000268A6E /* en */,
			);
			name = InfoPlist.strings;
			sourceTree = "<group>";
		};
/* End PBXVariantGroup section */

/* Begin XCBuildConfiguration section */
		6D9514A51845787000268A6E /* Debug */ = {
			isa = XCBuildConfiguration;
			buildSettings = {
				ALWAYS_SEARCH_USER_PATHS = NO;
				ARCHS = "$(ARCHS_STANDARD_INCLUDING_64_BIT)";
				CLANG_CXX_LANGUAGE_STANDARD = "gnu++0x";
				CLANG_CXX_LIBRARY = "libc++";
				CLANG_ENABLE_MODULES = YES;
				CLANG_ENABLE_OBJC_ARC = YES;
				CLANG_WARN_BOOL_CONVERSION = YES;
				CLANG_WARN_CONSTANT_CONVERSION = YES;
				CLANG_WARN_DIRECT_OBJC_ISA_USAGE = YES_ERROR;
				CLANG_WARN_EMPTY_BODY = YES;
				CLANG_WARN_ENUM_CONVERSION = YES;
				CLANG_WARN_INT_CONVERSION = YES;
				CLANG_WARN_OBJC_ROOT_CLASS = YES_ERROR;
				CLANG_WARN__DUPLICATE_METHOD_MATCH = YES;
				"CODE_SIGN_IDENTITY[sdk=iphoneos*]" = "iPhone Developer";
				COPY_PHASE_STRIP = NO;
				GCC_C_LANGUAGE_STANDARD = gnu99;
				GCC_DYNAMIC_NO_PIC = NO;
				GCC_OPTIMIZATION_LEVEL = 0;
				GCC_PREPROCESSOR_DEFINITIONS = (
					"DEBUG=1",
					"$(inherited)",
				);
				GCC_SYMBOLS_PRIVATE_EXTERN = NO;
				GCC_WARN_64_TO_32_BIT_CONVERSION = YES;
				GCC_WARN_ABOUT_RETURN_TYPE = YES_ERROR;
				GCC_WARN_UNDECLARED_SELECTOR = YES;
				GCC_WARN_UNINITIALIZED_AUTOS = YES;
				GCC_WARN_UNUSED_FUNCTION = YES;
				GCC_WARN_UNUSED_VARIABLE = YES;
				IPHONEOS_DEPLOYMENT_TARGET = 7.0;
				ONLY_ACTIVE_ARCH = YES;
				SDKROOT = iphoneos;
				TARGETED_DEVICE_FAMILY = "1,2";
			};
			name = Debug;
		};
		6D9514A61845787000268A6E /* Release */ = {
			isa = XCBuildConfiguration;
			buildSettings = {
				ALWAYS_SEARCH_USER_PATHS = NO;
				ARCHS = "$(ARCHS_STANDARD_INCLUDING_64_BIT)";
				CLANG_CXX_LANGUAGE_STANDARD = "gnu++0x";
				CLANG_CXX_LIBRARY = "libc++";
				CLANG_ENABLE_MODULES = YES;
				CLANG_ENABLE_OBJC_ARC = YES;
				CLANG_WARN_BOOL_CONVERSION = YES;
				CLANG_WARN_CONSTANT_CONVERSION = YES;
				CLANG_WARN_DIRECT_OBJC_ISA_USAGE = YES_ERROR;
				CLANG_WARN_EMPTY_BODY = YES;
				CLANG_WARN_ENUM_CONVERSION = YES;
				CLANG_WARN_INT_CONVERSION = YES;
				CLANG_WARN_OBJC_ROOT_CLASS = YES_ERROR;
				CLANG_WARN__DUPLICATE_METHOD_MATCH = YES;
				"CODE_SIGN_IDENTITY[sdk=iphoneos*]" = "iPhone Developer";
				COPY_PHASE_STRIP = YES;
				ENABLE_NS_ASSERTIONS = NO;
				GCC_C_LANGUAGE_STANDARD = gnu99;
				GCC_WARN_64_TO_32_BIT_CONVERSION = YES;
				GCC_WARN_ABOUT_RETURN_TYPE = YES_ERROR;
				GCC_WARN_UNDECLARED_SELECTOR = YES;
				GCC_WARN_UNINITIALIZED_AUTOS = YES;
				GCC_WARN_UNUSED_FUNCTION = YES;
				GCC_WARN_UNUSED_VARIABLE = YES;
				IPHONEOS_DEPLOYMENT_TARGET = 7.0;
				SDKROOT = iphoneos;
				TARGETED_DEVICE_FAMILY = "1,2";
				VALIDATE_PRODUCT = YES;
			};
			name = Release;
		};
		6D9514A81845787000268A6E /* Debug */ = {
			isa = XCBuildConfiguration;
			buildSettings = {
				ASSETCATALOG_COMPILER_APPICON_NAME = AppIcon;
				ASSETCATALOG_COMPILER_LAUNCHIMAGE_NAME = LaunchImage;
				GCC_PRECOMPILE_PREFIX_HEADER = YES;
				GCC_PREFIX_HEADER = "Bubs/Bubs-Prefix.pch";
				INFOPLIST_FILE = "Bubs/Bubs-Info.plist";
				PRODUCT_NAME = "$(TARGET_NAME)";
				WRAPPER_EXTENSION = app;
			};
			name = Debug;
		};
		6D9514A91845787000268A6E /* Release */ = {
			isa = XCBuildConfiguration;
			buildSettings = {
				ASSETCATALOG_COMPILER_APPICON_NAME = AppIcon;
				ASSETCATALOG_COMPILER_LAUNCHIMAGE_NAME = LaunchImage;
				GCC_PRECOMPILE_PREFIX_HEADER = YES;
				GCC_PREFIX_HEADER = "Bubs/Bubs-Prefix.pch";
				INFOPLIST_FILE = "Bubs/Bubs-Info.plist";
				PRODUCT_NAME = "$(TARGET_NAME)";
				WRAPPER_EXTENSION = app;
			};
			name = Release;
		};
		6D9514AB1845787000268A6E /* Debug */ = {
			isa = XCBuildConfiguration;
			buildSettings = {
				ARCHS = "$(ARCHS_STANDARD_INCLUDING_64_BIT)";
				BUNDLE_LOADER = "$(BUILT_PRODUCTS_DIR)/Bubs.app/Bubs";
				FRAMEWORK_SEARCH_PATHS = (
					"$(SDKROOT)/Developer/Library/Frameworks",
					"$(inherited)",
					"$(DEVELOPER_FRAMEWORKS_DIR)",
				);
				GCC_PRECOMPILE_PREFIX_HEADER = YES;
				GCC_PREFIX_HEADER = "Bubs/Bubs-Prefix.pch";
				GCC_PREPROCESSOR_DEFINITIONS = (
					"DEBUG=1",
					"$(inherited)",
				);
				INFOPLIST_FILE = "BubsTests/BubsTests-Info.plist";
				PRODUCT_NAME = "$(TARGET_NAME)";
				TEST_HOST = "$(BUNDLE_LOADER)";
				WRAPPER_EXTENSION = xctest;
			};
			name = Debug;
		};
		6D9514AC1845787000268A6E /* Release */ = {
			isa = XCBuildConfiguration;
			buildSettings = {
				ARCHS = "$(ARCHS_STANDARD_INCLUDING_64_BIT)";
				BUNDLE_LOADER = "$(BUILT_PRODUCTS_DIR)/Bubs.app/Bubs";
				FRAMEWORK_SEARCH_PATHS = (
					"$(SDKROOT)/Developer/Library/Frameworks",
					"$(inherited)",
					"$(DEVELOPER_FRAMEWORKS_DIR)",
				);
				GCC_PRECOMPILE_PREFIX_HEADER = YES;
				GCC_PREFIX_HEADER = "Bubs/Bubs-Prefix.pch";
				INFOPLIST_FILE = "BubsTests/BubsTests-Info.plist";
				PRODUCT_NAME = "$(TARGET_NAME)";
				TEST_HOST = "$(BUNDLE_LOADER)";
				WRAPPER_EXTENSION = xctest;
			};
			name = Release;
		};
/* End XCBuildConfiguration section */

/* Begin XCConfigurationList section */
		6D95146D1845787000268A6E /* Build configuration list for PBXProject "Bubs" */ = {
			isa = XCConfigurationList;
			buildConfigurations = (
				6D9514A51845787000268A6E /* Debug */,
				6D9514A61845787000268A6E /* Release */,
			);
			defaultConfigurationIsVisible = 0;
			defaultConfigurationName = Release;
		};
		6D9514A71845787000268A6E /* Build configuration list for PBXNativeTarget "Bubs" */ = {
			isa = XCConfigurationList;
			buildConfigurations = (
				6D9514A81845787000268A6E /* Debug */,
				6D9514A91845787000268A6E /* Release */,
			);
			defaultConfigurationIsVisible = 0;
			defaultConfigurationName = Release;
		};
		6D9514AA1845787000268A6E /* Build configuration list for PBXNativeTarget "BubsTests" */ = {
			isa = XCConfigurationList;
			buildConfigurations = (
				6D9514AB1845787000268A6E /* Debug */,
				6D9514AC1845787000268A6E /* Release */,
			);
			defaultConfigurationIsVisible = 0;
			defaultConfigurationName = Release;
		};
/* End XCConfigurationList section */
	};
	rootObject = 6D95146A1845787000268A6E /* Project object */;
}
